
Microsoft Visual Studio Solution File, Format Version 12.00
# Visual Studio 15
VisualStudioVersion = 15.0.28307.1525
MinimumVisualStudioVersion = 10.0.40219.1
Project("{8BC9CEB8-8B4A-11D0-8D11-00A0C91BC942}") = "tcp_server", "tcp_server\tcp_server.vcxproj", "{9F162A7A-7EF4-4EB4-8812-B5F47F14998A}"
EndProject
Global
	GlobalSection(SolutionConfigurationPlatforms) = preSolution
		Debug|x64 = Debug|x64
		Debug|x86 = Debug|x86
		Release|x64 = Release|x64
		Release|x86 = Release|x86
	EndGlobalSection
	GlobalSection(ProjectConfigurationPlatforms) = postSolution
		{9F162A7A-7EF4-4EB4-8812-B5F47F14998A}.Debug|x64.ActiveCfg = Debug|x64
		{9F162A7A-7EF4-4EB4-8812-B5F47F14998A}.Debug|x64.Build.0 = Debug|x64
		{9F162A7A-7EF4-4EB4-8812-B5F47F14998A}.Debug|x86.ActiveCfg = Debug|Win32
		{9F162A7A-7EF4-4EB4-8812-B5F47F14998A}.Debug|x86.Build.0 = Debug|Win32
		{9F162A7A-7EF4-4EB4-8812-B5F47F14998A}.Release|x64.ActiveCfg = Release|x64
		{9F162A7A-7EF4-4EB4-8812-B5F47F14998A}.Release|x64.Build.0 = Release|x64
		{9F162A7A-7EF4-4EB4-8812-B5F47F14998A}.Release|x86.ActiveCfg = Release|Win32
		{9F162A7A-7EF4-4EB4-8812-B5F47F14998A}.Release|x86.Build.0 = Release|Win32
	EndGlobalSection
	GlobalSection(SolutionProperties) = preSolution
		HideSolutionNode = FALSE
	EndGlobalSection
	GlobalSection(ExtensibilityGlobals) = postSolution
		SolutionGuid = {3C074C7F-9AE4-4C86-94F6-9DAFA5E8EFB9}
	EndGlobalSection
EndGlobal
