
Microsoft Visual Studio Solution File, Format Version 12.00
# Visual Studio 15
VisualStudioVersion = 15.0.28307.1758
MinimumVisualStudioVersion = 10.0.40219.1
Project("{8BC9CEB8-8B4A-11D0-8D11-00A0C91BC942}") = "ImaysNet", "ImaysNet\ImaysNet.vcxproj", "{86EBE7EC-7171-456A-A1C5-1F027408C11B}"
EndProject
Project("{8BC9CEB8-8B4A-11D0-8D11-00A0C91BC942}") = "Tcp_Server", "Tcp_Server\Tcp_Server.vcxproj", "{345C6766-FA10-4B31-969D-227682885574}"
EndProject
Project("{8BC9CEB8-8B4A-11D0-8D11-00A0C91BC942}") = "Tcp_Client", "Tcp_Client\Tcp_Client.vcxproj", "{6CF8BF04-7F28-4F0D-A65A-BE4AB3E6218A}"
EndProject
Project("{8BC9CEB8-8B4A-11D0-8D11-00A0C91BC942}") = "Tcp_many_server_blocking", "Tcp_many_server_blocking\Tcp_many_server_blocking.vcxproj", "{83EBA883-0FC9-4F3C-80F4-8C3477036868}"
EndProject
Project("{8BC9CEB8-8B4A-11D0-8D11-00A0C91BC942}") = "Tcp_many_server_nonblocking", "Tcp_many_server_nonblocking\Tcp_many_server_nonblocking.vcxproj", "{2A718DF0-0E0D-40A1-ADEA-FC4667D316FA}"
EndProject
Global
	GlobalSection(SolutionConfigurationPlatforms) = preSolution
		Debug|x64 = Debug|x64
		Debug|x86 = Debug|x86
		Release|x64 = Release|x64
		Release|x86 = Release|x86
	EndGlobalSection
	GlobalSection(ProjectConfigurationPlatforms) = postSolution
		{86EBE7EC-7171-456A-A1C5-1F027408C11B}.Debug|x64.ActiveCfg = Debug|x64
		{86EBE7EC-7171-456A-A1C5-1F027408C11B}.Debug|x64.Build.0 = Debug|x64
		{86EBE7EC-7171-456A-A1C5-1F027408C11B}.Debug|x86.ActiveCfg = Debug|Win32
		{86EBE7EC-7171-456A-A1C5-1F027408C11B}.Debug|x86.Build.0 = Debug|Win32
		{86EBE7EC-7171-456A-A1C5-1F027408C11B}.Release|x64.ActiveCfg = Release|x64
		{86EBE7EC-7171-456A-A1C5-1F027408C11B}.Release|x64.Build.0 = Release|x64
		{86EBE7EC-7171-456A-A1C5-1F027408C11B}.Release|x86.ActiveCfg = Release|Win32
		{86EBE7EC-7171-456A-A1C5-1F027408C11B}.Release|x86.Build.0 = Release|Win32
		{345C6766-FA10-4B31-969D-227682885574}.Debug|x64.ActiveCfg = Debug|x64
		{345C6766-FA10-4B31-969D-227682885574}.Debug|x64.Build.0 = Debug|x64
		{345C6766-FA10-4B31-969D-227682885574}.Debug|x86.ActiveCfg = Debug|Win32
		{345C6766-FA10-4B31-969D-227682885574}.Debug|x86.Build.0 = Debug|Win32
		{345C6766-FA10-4B31-969D-227682885574}.Release|x64.ActiveCfg = Release|x64
		{345C6766-FA10-4B31-969D-227682885574}.Release|x64.Build.0 = Release|x64
		{345C6766-FA10-4B31-969D-227682885574}.Release|x86.ActiveCfg = Release|Win32
		{345C6766-FA10-4B31-969D-227682885574}.Release|x86.Build.0 = Release|Win32
		{6CF8BF04-7F28-4F0D-A65A-BE4AB3E6218A}.Debug|x64.ActiveCfg = Debug|x64
		{6CF8BF04-7F28-4F0D-A65A-BE4AB3E6218A}.Debug|x64.Build.0 = Debug|x64
		{6CF8BF04-7F28-4F0D-A65A-BE4AB3E6218A}.Debug|x86.ActiveCfg = Debug|Win32
		{6CF8BF04-7F28-4F0D-A65A-BE4AB3E6218A}.Debug|x86.Build.0 = Debug|Win32
		{6CF8BF04-7F28-4F0D-A65A-BE4AB3E6218A}.Release|x64.ActiveCfg = Release|x64
		{6CF8BF04-7F28-4F0D-A65A-BE4AB3E6218A}.Release|x64.Build.0 = Release|x64
		{6CF8BF04-7F28-4F0D-A65A-BE4AB3E6218A}.Release|x86.ActiveCfg = Release|Win32
		{6CF8BF04-7F28-4F0D-A65A-BE4AB3E6218A}.Release|x86.Build.0 = Release|Win32
		{83EBA883-0FC9-4F3C-80F4-8C3477036868}.Debug|x64.ActiveCfg = Debug|x64
		{83EBA883-0FC9-4F3C-80F4-8C3477036868}.Debug|x64.Build.0 = Debug|x64
		{83EBA883-0FC9-4F3C-80F4-8C3477036868}.Debug|x86.ActiveCfg = Debug|Win32
		{83EBA883-0FC9-4F3C-80F4-8C3477036868}.Debug|x86.Build.0 = Debug|Win32
		{83EBA883-0FC9-4F3C-80F4-8C3477036868}.Release|x64.ActiveCfg = Release|x64
		{83EBA883-0FC9-4F3C-80F4-8C3477036868}.Release|x64.Build.0 = Release|x64
		{83EBA883-0FC9-4F3C-80F4-8C3477036868}.Release|x86.ActiveCfg = Release|Win32
		{83EBA883-0FC9-4F3C-80F4-8C3477036868}.Release|x86.Build.0 = Release|Win32
		{2A718DF0-0E0D-40A1-ADEA-FC4667D316FA}.Debug|x64.ActiveCfg = Debug|x64
		{2A718DF0-0E0D-40A1-ADEA-FC4667D316FA}.Debug|x64.Build.0 = Debug|x64
		{2A718DF0-0E0D-40A1-ADEA-FC4667D316FA}.Debug|x86.ActiveCfg = Debug|Win32
		{2A718DF0-0E0D-40A1-ADEA-FC4667D316FA}.Debug|x86.Build.0 = Debug|Win32
		{2A718DF0-0E0D-40A1-ADEA-FC4667D316FA}.Release|x64.ActiveCfg = Release|x64
		{2A718DF0-0E0D-40A1-ADEA-FC4667D316FA}.Release|x64.Build.0 = Release|x64
		{2A718DF0-0E0D-40A1-ADEA-FC4667D316FA}.Release|x86.ActiveCfg = Release|Win32
		{2A718DF0-0E0D-40A1-ADEA-FC4667D316FA}.Release|x86.Build.0 = Release|Win32
	EndGlobalSection
	GlobalSection(SolutionProperties) = preSolution
		HideSolutionNode = FALSE
	EndGlobalSection
	GlobalSection(ExtensibilityGlobals) = postSolution
		SolutionGuid = {F8D2D79C-146D-4AC0-8927-2FA82B5E70E8}
	EndGlobalSection
EndGlobal
